
Microsoft Visual Studio Solution File, Format Version 12.00
# Visual Studio 2012
Project("{FAE04EC0-301F-11D3-BF4B-00C04F79EFBC}") = "DriveQuickstart", "DriveQuickstart\DriveQuickstart.csproj", "{8344DF9A-4439-4B95-B9D7-25BEB53D36F1}"
EndProject
Global
	GlobalSection(SolutionConfigurationPlatforms) = preSolution
		Debug|x86 = Debug|x86
		Release|x86 = Release|x86
	EndGlobalSection
	GlobalSection(ProjectConfigurationPlatforms) = postSolution
		{8344DF9A-4439-4B95-B9D7-25BEB53D36F1}.Debug|x86.ActiveCfg = Debug|x86
		{8344DF9A-4439-4B95-B9D7-25BEB53D36F1}.Debug|x86.Build.0 = Debug|x86
		{8344DF9A-4439-4B95-B9D7-25BEB53D36F1}.Release|x86.ActiveCfg = Release|x86
		{8344DF9A-4439-4B95-B9D7-25BEB53D36F1}.Release|x86.Build.0 = Release|x86
	EndGlobalSection
EndGlobal
