
Microsoft Visual Studio Solution File, Format Version 12.00
Project("{FAE04EC0-301F-11D3-BF4B-00C04F79EFBC}") = "ClassroomSnippets", "ClassroomSnippets\ClassroomSnippets.csproj", "{505E06C0-174B-43A0-885D-9E24E66053CC}"
EndProject
Project("{FAE04EC0-301F-11D3-BF4B-00C04F79EFBC}") = "ClassroomSnippetsTest", "ClassroomSnippetsTest\ClassroomSnippetsTest.csproj", "{40AC01B1-1469-43D2-B233-8D078707CD56}"
EndProject
Global
	GlobalSection(SolutionConfigurationPlatforms) = preSolution
		Debug|Any CPU = Debug|Any CPU
		Release|Any CPU = Release|Any CPU
	EndGlobalSection
	GlobalSection(ProjectConfigurationPlatforms) = postSolution
		{505E06C0-174B-43A0-885D-9E24E66053CC}.Debug|Any CPU.ActiveCfg = Debug|Any CPU
		{505E06C0-174B-43A0-885D-9E24E66053CC}.Debug|Any CPU.Build.0 = Debug|Any CPU
		{505E06C0-174B-43A0-885D-9E24E66053CC}.Release|Any CPU.ActiveCfg = Release|Any CPU
		{505E06C0-174B-43A0-885D-9E24E66053CC}.Release|Any CPU.Build.0 = Release|Any CPU
		{40AC01B1-1469-43D2-B233-8D078707CD56}.Debug|Any CPU.ActiveCfg = Debug|Any CPU
		{40AC01B1-1469-43D2-B233-8D078707CD56}.Debug|Any CPU.Build.0 = Debug|Any CPU
		{40AC01B1-1469-43D2-B233-8D078707CD56}.Release|Any CPU.ActiveCfg = Release|Any CPU
		{40AC01B1-1469-43D2-B233-8D078707CD56}.Release|Any CPU.Build.0 = Release|Any CPU
	EndGlobalSection
EndGlobal
